
Microsoft Visual Studio Solution File, Format Version 12.00
# Visual Studio Version 16
VisualStudioVersion = 16.0.30621.155
MinimumVisualStudioVersion = 10.0.40219.1
Project("{FAE04EC0-301F-11D3-BF4B-00C04F79EFBC}") = "FrmPrincipal", "VentaProductos\FrmPrincipal.csproj", "{20C3091D-4692-434B-96EF-E62DC5EA136F}"
EndProject
Project("{FAE04EC0-301F-11D3-BF4B-00C04F79EFBC}") = "Entidades", "Entidades\Entidades.csproj", "{344C6210-B043-438B-A96C-AEAB20E017B0}"
EndProject
Global
	GlobalSection(SolutionConfigurationPlatforms) = preSolution
		Debug|Any CPU = Debug|Any CPU
		Release|Any CPU = Release|Any CPU
	EndGlobalSection
	GlobalSection(ProjectConfigurationPlatforms) = postSolution
		{20C3091D-4692-434B-96EF-E62DC5EA136F}.Debug|Any CPU.ActiveCfg = Debug|Any CPU
		{20C3091D-4692-434B-96EF-E62DC5EA136F}.Debug|Any CPU.Build.0 = Debug|Any CPU
		{20C3091D-4692-434B-96EF-E62DC5EA136F}.Release|Any CPU.ActiveCfg = Release|Any CPU
		{20C3091D-4692-434B-96EF-E62DC5EA136F}.Release|Any CPU.Build.0 = Release|Any CPU
		{344C6210-B043-438B-A96C-AEAB20E017B0}.Debug|Any CPU.ActiveCfg = Debug|Any CPU
		{344C6210-B043-438B-A96C-AEAB20E017B0}.Debug|Any CPU.Build.0 = Debug|Any CPU
		{344C6210-B043-438B-A96C-AEAB20E017B0}.Release|Any CPU.ActiveCfg = Release|Any CPU
		{344C6210-B043-438B-A96C-AEAB20E017B0}.Release|Any CPU.Build.0 = Release|Any CPU
	EndGlobalSection
	GlobalSection(SolutionProperties) = preSolution
		HideSolutionNode = FALSE
	EndGlobalSection
	GlobalSection(ExtensibilityGlobals) = postSolution
		SolutionGuid = {8D8D069C-E431-420C-9912-190186B2B817}
	EndGlobalSection
EndGlobal
